{
    "_meta": {
        "hash": {
            "sha256": "4fa9cc87378ac3353fa9266e30fbcc8c5378a592f71504e5269c34114d4c779d"
        },
        "pipfile-spec": 6,
        "requires": {
            "python_version": "3.6"
        },
        "sources": [
            {
                "name": "pypi",
                "url": "https://pypi.org/simple",
                "verify_ssl": true
            }
        ]
    },
    "default": {
        "numpy": {
            "hashes": [
                "sha256:05dbfe72684cc14b92568de1bc1f41e5f62b00f714afc9adee42f6311738091f",
                "sha256:0d82cb7271a577529d07bbb05cb58675f2deb09772175fab96dc8de025d8ac05",
                "sha256:10132aa1fef99adc85a905d82e8497a580f83739837d7cbd234649f2e9b9dc58",
                "sha256:12322df2e21f033a60c80319c25011194cd2a21294cc66fee0908aeae2c27832",
                "sha256:16f19b3aa775dddc9814e02a46b8e6ae6a54ed8cf143962b4e53f0471dbd7b16",
                "sha256:3d0b0989dd2d066db006158de7220802899a1e5c8cf622abe2d0bd158fd01c2c",
                "sha256:438a3f0e7b681642898fd7993d38e2bf140a2d1eafaf3e89bb626db7f50db355",
                "sha256:5fd214f482ab53f2cea57414c5fb3e58895b17df6e6f5bca5be6a0bb6aea23bb",
                "sha256:73615d3edc84dd7c4aeb212fa3748fb83217e00d201875a47327f55363cef2df",
                "sha256:7bd355ad7496f4ce1d235e9814ec81ee3d28308d591c067ce92e49f745ba2c2f",
                "sha256:7d077f2976b8f3de08a0dcf5d72083f4af5411e8fddacd662aae27baa2601196",
                "sha256:a4092682778dc48093e8bda8d26ee8360153e2047826f95a3f5eae09f0ae3abf",
                "sha256:b458de8624c9f6034af492372eb2fee41a8e605f03f4732f43fc099e227858b2",
                "sha256:e70fc8ff03a961f13363c2c95ef8285e0cf6a720f8271836f852cc0fa64e97c8",
                "sha256:ee8e9d7cad5fe6dde50ede0d2e978d81eafeaa6233fb0b8719f60214cf226578",
                "sha256:f4a4f6aba148858a5a5d546a99280f71f5ee6ec8182a7d195af1a914195b21a2"
            ],
            "index": "pypi",
            "version": "==1.17.2"
        },
        "opencv-contrib-python": {
            "hashes": [
                "sha256:0c190e6abbbe47b9fb4bccdedb3f2e3d6cb97294072f3639f42a7cb9f2694895",
                "sha256:0f844f2977efe5a7e350d5cb89e9d39fd6040e70c00161242b8847ae2a9ecb9f",
                "sha256:10598030408098693ffeba561d5508f406cdb105a788f0a7e0a77b027039037f",
                "sha256:345c3053292f356e9b8a1b857bf4ac927b603b0ad2e026c46d549fdaba7e0943",
                "sha256:3a2af59e65182192897c59b789003088647a8f45f5e1f7c31a2f650d810b8ae7",
                "sha256:3e420739d3ee8b1273b9258f1ad58f515c5905d458542fdf82134f3b671418ed",
                "sha256:412a70352faf35374b15af974079e65321af530a9d7a11919d5642345ccd9ea7",
                "sha256:4245cc246c4007d6cf3ac24e05dc6b9b24e1204eeb0a22089a90d4162e8b8d0c",
                "sha256:4e8fac588e667a89dbb8c7fe267a268272b9805623b3d9886c8a63480a3a8bfb",
                "sha256:55ee429bebdadcbca7fa7902869a397db16d401545d31c1776fc56011a196ce3",
                "sha256:560b6e4a961a83f742ca45a7d769771e03dbd7661995e2e83382295c826f1034",
                "sha256:688c48909b43347afd5d7e965e78af3c5a5d5d47056da80600348884dde79d2e",
                "sha256:72b5259d55b17f04f3dfeca1b18f8d68b8fe23a511642939880492f2ecbf479e",
                "sha256:767c7193520c028fea33ca2b9aa72b6ccd5e67cb2a6f6fef9e910bb65321d835",
                "sha256:7d545fc5fc8b55bd0508a736f42490154784f95f43015bd94aa388fc034cd67f",
                "sha256:83596827c2f11405910a5391dcb15bbcaae3aa6f21403d76a80cdaa7a153d9d6",
                "sha256:8bb6bb04028af3b6df763a6289ac41906960a4c47415db0856048c02563e3d0e",
                "sha256:91a2f973ab95e0a9b75e7011c5eabdf9f4da1e5d1be4d31f14bf3544ed51dfde",
                "sha256:9ee562990e68e91c3e9bbb4a74ca44921618292c68e8a838ebd4ed020d5b0333",
                "sha256:a1f6499447c69ccfdb49dd084c4918ebd8c57dda06ae298dbe8b998fd45288c4",
                "sha256:aa4cacbbc60c6a0302447a9553bb672aacf54e0eb5b6ec3cb0192a09669277f7",
                "sha256:abe05935ccaa16670100656d9313ebe965c554b5ad719b0f139758b9fd9eec9a",
                "sha256:b4f5635703726c98d95c50d5a4912ef38f571a8ff99ec4ddaa2174529101cd53",
                "sha256:bba43cf21456ca45eaa89b1b463044234fe035ddb92e0bb00089fa4c881cc7d5",
                "sha256:cbd81312e725679f41c87f3a4e37358af977fec822b015d029cc1c9ef11091a3",
                "sha256:e60ea4db1fe54103407a62d4c32727357bf2717d775b7299bcc314a7686d3c11",
                "sha256:ed3d62b4f4b023dcdc5df486416e6403090c8009673216ee41d2a279cde96c21"
            ],
            "index": "pypi",
            "version": "==4.1.1.26"
        },
        "pillow": {
            "hashes": [
                "sha256:00fdeb23820f30e43bba78eb9abb00b7a937a655de7760b2e09101d63708b64e",
                "sha256:01f948e8220c85eae1aa1a7f8edddcec193918f933fb07aaebe0bfbbcffefbf1",
                "sha256:08abf39948d4b5017a137be58f1a52b7101700431f0777bec3d897c3949f74e6",
                "sha256:099a61618b145ecb50c6f279666bbc398e189b8bc97544ae32b8fcb49ad6b830",
                "sha256:2c1c61546e73de62747e65807d2cc4980c395d4c5600ecb1f47a650c6fa78c79",
                "sha256:2ed9c4f694861642401f27dc3cb99772be67cd190e84845c749dae0a06c3bfae",
                "sha256:338581b30b908e111be578f0297255f6b57a51358cd16fa0e6f664c9a1f88bff",
                "sha256:38c7d48a21cd06fdeee93987147b9b1c55b73b4cfcbf83240568bfbd5adee447",
                "sha256:43fd026f613c8e48a25eba1a92f4d2ad7f3903c95d8c33a11611a7717d2ab654",
                "sha256:4548236844327a718ce3bb182ab32a16fa2050c61e334e959f554cac052fb0df",
                "sha256:5090857876c58885cfa388dc649e5db30aae98a068c26f3fd0ac9d7d9a4d9572",
                "sha256:5bbba34f97a26a93f5e8dec469ca4ddd712451418add43da946dbaed7f7a98d2",
                "sha256:65a28969a025a0eb4594637b6103201dc4ed2a9508bdab56ac33e43e3081c404",
                "sha256:892bb52b70bd5ea9dbbc3ac44f38e84f5a04e9d8b1bff48159d96cb795b81159",
                "sha256:8a9becd5cbd5062f973bcd2e7bc79483af310222de112b6541f8af1f93a3cc42",
                "sha256:972a7aaeb7c4a2795b52eef52ee991ef040b31009f36deca6207a986607b55f3",
                "sha256:97b119c436bfa96a92ac2ca525f7025836d4d4e64b1c9f9eff8dbaf3ff1d86f3",
                "sha256:9ba37698e242223f8053cc158f130aee046a96feacbeab65893dbe94f5530118",
                "sha256:b1b0e1f626a0f079c0d3696db70132fb1f29aa87c66aecb6501a9b8be64ce9f7",
                "sha256:c14c1224fd1a5be2733530d648a316974dbbb3c946913562c6005a76f21ca042",
                "sha256:c79a8546c48ae6465189e54e3245a97ddf21161e33ff7eaa42787353417bb2b6",
                "sha256:ceb76935ac4ebdf6d7bc845482a4450b284c6ccfb281e34da51d510658ab34d8",
                "sha256:e22bffaad04b4d16e1c091baed7f2733fc1ebb91e0c602abf1b6834d17158b1f",
                "sha256:ec883b8e44d877bda6f94a36313a1c6063f8b1997aa091628ae2f34c7f97c8d5",
                "sha256:f1baa54d50ec031d1a9beb89974108f8f2c0706f49798f4777df879df0e1adb6",
                "sha256:f53a5385932cda1e2c862d89460992911a89768c65d176ff8c50cddca4d29bed"
            ],
            "index": "pypi",
            "version": "==6.2.0"
        }
    },
    "develop": {
        "autopep8": {
            "hashes": [
                "sha256:4d8eec30cc81bc5617dbf1218201d770dc35629363547f17577c61683ccfb3ee"
            ],
            "index": "pypi",
            "version": "==1.4.4"
        },
        "pycodestyle": {
            "hashes": [
                "sha256:95a2219d12372f05704562a14ec30bc76b05a5b297b21a5dfe3f6fac3491ae56",
                "sha256:e40a936c9a450ad81df37f549d676d127b1b66000a6c500caa2b085bc0ca976c"
            ],
            "version": "==2.5.0"
        }
    }
}
